
Microsoft Visual Studio Solution File, Format Version 12.00
# Visual Studio 2012
Project("{FAE04EC0-301F-11D3-BF4B-00C04F79EFBC}") = "Heapsort", "Heapsort\Heapsort.csproj", "{6F52C8D4-32CF-4819-8BB1-9E03ADA8E2EE}"
EndProject
Global
	GlobalSection(SolutionConfigurationPlatforms) = preSolution
		Debug|Any CPU = Debug|Any CPU
		Release|Any CPU = Release|Any CPU
	EndGlobalSection
	GlobalSection(ProjectConfigurationPlatforms) = postSolution
		{6F52C8D4-32CF-4819-8BB1-9E03ADA8E2EE}.Debug|Any CPU.ActiveCfg = Debug|Any CPU
		{6F52C8D4-32CF-4819-8BB1-9E03ADA8E2EE}.Debug|Any CPU.Build.0 = Debug|Any CPU
		{6F52C8D4-32CF-4819-8BB1-9E03ADA8E2EE}.Release|Any CPU.ActiveCfg = Release|Any CPU
		{6F52C8D4-32CF-4819-8BB1-9E03ADA8E2EE}.Release|Any CPU.Build.0 = Release|Any CPU
	EndGlobalSection
	GlobalSection(SolutionProperties) = preSolution
		HideSolutionNode = FALSE
	EndGlobalSection
EndGlobal
